PODS:
  - KeychainSwift (13.0.0)
  - Prototype (0.3.3)
  - Prototyper (1.1):
    - KeychainSwift (= 13.0.0)
    - Prototype (= 0.3.3)

DEPENDENCIES:
  - Prototyper (from `../`)

SPEC REPOS:
  https://github.com/cocoapods/specs.git:
    - KeychainSwift
    - Prototype

EXTERNAL SOURCES:
  Prototyper:
    :path: "../"

SPEC CHECKSUMS:
  KeychainSwift: 23d6c16cbc33f20fafa30c3d783241b4b87d998c
  Prototype: 2009eb25fccdcbe5339d1cbe4f116eb6e68466aa
  Prototyper: 09bf1e15d619a7cd6ae358beaa58dc2e0955fa16

PODFILE CHECKSUM: 2df3c83946f306d4dbca2f29a7db0e425f82a67b

COCOAPODS: 1.6.0.beta.2
