PODS:
  - KeychainSwift (17.0.0)
  - Prototype (0.4.0)
  - Prototyper (1.2.0):
    - KeychainSwift (= 17.0.0)
    - Prototype (= 0.4.0)

DEPENDENCIES:
  - Prototyper (from `../`)

SPEC REPOS:
  trunk:
    - KeychainSwift
    - Prototype

EXTERNAL SOURCES:
  Prototyper:
    :path: "../"

SPEC CHECKSUMS:
  KeychainSwift: 9f43f562dffc88af6efadb57d74b14c598eb337f
  Prototype: 69ae699a2ee8bcae36dcc6f05ea5bd91746a3022
  Prototyper: 2e3cc00c99620529685c01d1f4b8e1f81d9ee77c

PODFILE CHECKSUM: a7772755258576a3d11367ceda7675e213edcff0

COCOAPODS: 1.8.4
