// !$*UTF8*$!
{
	archiveVersion = 1;
	classes = {
	};
	objectVersion = 52;
	objects = {

/* Begin PBXBuildFile section */
		6577E66F24F423490055802C /* PrototyperExampleApp.swift in Sources */ = {isa = PBXBuildFile; fileRef = 6577E66E24F423490055802C /* PrototyperExampleApp.swift */; };
		6577E67124F423490055802C /* ContentView.swift in Sources */ = {isa = PBXBuildFile; fileRef = 6577E67024F423490055802C /* ContentView.swift */; };
		6577E67324F423490055802C /* Assets.xcassets in Resources */ = {isa = PBXBuildFile; fileRef = 6577E67224F423490055802C /* Assets.xcassets */; };
		6577E67624F423490055802C /* Preview Assets.xcassets in Resources */ = {isa = PBXBuildFile; fileRef = 6577E67524F423490055802C /* Preview Assets.xcassets */; };
		6577E68024F4237A0055802C /* Prototyper in Frameworks */ = {isa = PBXBuildFile; productRef = 6577E67F24F4237A0055802C /* Prototyper */; };
		F4D8C79B2523630100159487 /* PrototyperContinueWithoutLoginTest.swift in Sources */ = {isa = PBXBuildFile; fileRef = F4D8C79A2523630100159487 /* PrototyperContinueWithoutLoginTest.swift */; };
/* End PBXBuildFile section */

/* Begin PBXContainerItemProxy section */
		F485D48A2523518D006EBBA1 /* PBXContainerItemProxy */ = {
			isa = PBXContainerItemProxy;
			containerPortal = 6577E66324F423490055802C /* Project object */;
			proxyType = 1;
			remoteGlobalIDString = 6577E66A24F423490055802C;
			remoteInfo = "Prototyper Example";
		};
/* End PBXContainerItemProxy section */

/* Begin PBXFileReference section */
		6577E66B24F423490055802C /* Prototyper Example.app */ = {isa = PBXFileReference; explicitFileType = wrapper.application; includeInIndex = 0; path = "Prototyper Example.app"; sourceTree = BUILT_PRODUCTS_DIR; };
		6577E66E24F423490055802C /* PrototyperExampleApp.swift */ = {isa = PBXFileReference; lastKnownFileType = sourcecode.swift; path = PrototyperExampleApp.swift; sourceTree = "<group>"; };
		6577E67024F423490055802C /* ContentView.swift */ = {isa = PBXFileReference; lastKnownFileType = sourcecode.swift; path = ContentView.swift; sourceTree = "<group>"; };
		6577E67224F423490055802C /* Assets.xcassets */ = {isa = PBXFileReference; lastKnownFileType = folder.assetcatalog; path = Assets.xcassets; sourceTree = "<group>"; };
		6577E67524F423490055802C /* Preview Assets.xcassets */ = {isa = PBXFileReference; lastKnownFileType = folder.assetcatalog; path = "Preview Assets.xcassets"; sourceTree = "<group>"; };
		6577E67724F423490055802C /* Info.plist */ = {isa = PBXFileReference; lastKnownFileType = text.plist.xml; path = Info.plist; sourceTree = "<group>"; };
		65D4F37D24FE5467005F3716 /* .. */ = {isa = PBXFileReference; lastKnownFileType = folder; path = ..; sourceTree = "<group>"; };
		F485D4852523518D006EBBA1 /* Prototyper ExampleUITests.xctest */ = {isa = PBXFileReference; explicitFileType = wrapper.cfbundle; includeInIndex = 0; path = "Prototyper ExampleUITests.xctest"; sourceTree = BUILT_PRODUCTS_DIR; };
		F485D4892523518D006EBBA1 /* Info.plist */ = {isa = PBXFileReference; lastKnownFileType = text.plist.xml; path = Info.plist; sourceTree = "<group>"; };
		F4D8C79A2523630100159487 /* PrototyperContinueWithoutLoginTest.swift */ = {isa = PBXFileReference; lastKnownFileType = sourcecode.swift; path = PrototyperContinueWithoutLoginTest.swift; sourceTree = "<group>"; };
/* End PBXFileReference section */

/* Begin PBXFrameworksBuildPhase section */
		6577E66824F423490055802C /* Frameworks */ = {
			isa = PBXFrameworksBuildPhase;
			buildActionMask = 2147483647;
			files = (
				6577E68024F4237A0055802C /* Prototyper in Frameworks */,
			);
			runOnlyForDeploymentPostprocessing = 0;
		};
		F485D4822523518D006EBBA1 /* Frameworks */ = {
			isa = PBXFrameworksBuildPhase;
			buildActionMask = 2147483647;
			files = (
			);
			runOnlyForDeploymentPostprocessing = 0;
		};
/* End PBXFrameworksBuildPhase section */

/* Begin PBXGroup section */
		6577E66224F423490055802C = {
			isa = PBXGroup;
			children = (
				65D4F37D24FE5467005F3716 /* .. */,
				6577E66D24F423490055802C /* Prototyper Example */,
				F485D4862523518D006EBBA1 /* PrototyperExample UITests */,
				6577E66C24F423490055802C /* Products */,
				6577E67E24F4237A0055802C /* Frameworks */,
			);
			sourceTree = "<group>";
		};
		6577E66C24F423490055802C /* Products */ = {
			isa = PBXGroup;
			children = (
				6577E66B24F423490055802C /* Prototyper Example.app */,
				F485D4852523518D006EBBA1 /* Prototyper ExampleUITests.xctest */,
			);
			name = Products;
			sourceTree = "<group>";
		};
		6577E66D24F423490055802C /* Prototyper Example */ = {
			isa = PBXGroup;
			children = (
				6577E66E24F423490055802C /* PrototyperExampleApp.swift */,
				6577E67024F423490055802C /* ContentView.swift */,
				6577E67224F423490055802C /* Assets.xcassets */,
				6577E67724F423490055802C /* Info.plist */,
				6577E67424F423490055802C /* Preview Content */,
			);
			path = "Prototyper Example";
			sourceTree = "<group>";
		};
		6577E67424F423490055802C /* Preview Content */ = {
			isa = PBXGroup;
			children = (
				6577E67524F423490055802C /* Preview Assets.xcassets */,
			);
			path = "Preview Content";
			sourceTree = "<group>";
		};
		6577E67E24F4237A0055802C /* Frameworks */ = {
			isa = PBXGroup;
			children = (
			);
			name = Frameworks;
			sourceTree = "<group>";
		};
		F485D4862523518D006EBBA1 /* PrototyperExample UITests */ = {
			isa = PBXGroup;
			children = (
				F4D8C79A2523630100159487 /* PrototyperContinueWithoutLoginTest.swift */,
				F485D4892523518D006EBBA1 /* Info.plist */,
			);
			path = "PrototyperExample UITests";
			sourceTree = "<group>";
		};
/* End PBXGroup section */

/* Begin PBXNativeTarget section */
		6577E66A24F423490055802C /* Prototyper Example */ = {
			isa = PBXNativeTarget;
			buildConfigurationList = 6577E67A24F423490055802C /* Build configuration list for PBXNativeTarget "Prototyper Example" */;
			buildPhases = (
				6577E66724F423490055802C /* Sources */,
				6577E66824F423490055802C /* Frameworks */,
				6577E66924F423490055802C /* Resources */,
			);
			buildRules = (
			);
			dependencies = (
			);
			name = "Prototyper Example";
			packageProductDependencies = (
				6577E67F24F4237A0055802C /* Prototyper */,
			);
			productName = "Prototyper Example";
			productReference = 6577E66B24F423490055802C /* Prototyper Example.app */;
			productType = "com.apple.product-type.application";
		};
		F485D4842523518D006EBBA1 /* Prototyper ExampleUITests */ = {
			isa = PBXNativeTarget;
			buildConfigurationList = F485D48E2523518D006EBBA1 /* Build configuration list for PBXNativeTarget "Prototyper ExampleUITests" */;
			buildPhases = (
				F485D4812523518D006EBBA1 /* Sources */,
				F485D4822523518D006EBBA1 /* Frameworks */,
				F485D4832523518D006EBBA1 /* Resources */,
			);
			buildRules = (
			);
			dependencies = (
				F485D48B2523518D006EBBA1 /* PBXTargetDependency */,
			);
			name = "Prototyper ExampleUITests";
			productName = "Prototyper ExampleUITests";
			productReference = F485D4852523518D006EBBA1 /* Prototyper ExampleUITests.xctest */;
			productType = "com.apple.product-type.bundle.ui-testing";
		};
/* End PBXNativeTarget section */

/* Begin PBXProject section */
		6577E66324F423490055802C /* Project object */ = {
			isa = PBXProject;
			attributes = {
				LastSwiftUpdateCheck = 1200;
				LastUpgradeCheck = 1200;
				TargetAttributes = {
					6577E66A24F423490055802C = {
						CreatedOnToolsVersion = 12.0;
					};
					F485D4842523518D006EBBA1 = {
						CreatedOnToolsVersion = 12.0;
						TestTargetID = 6577E66A24F423490055802C;
					};
				};
			};
			buildConfigurationList = 6577E66624F423490055802C /* Build configuration list for PBXProject "Prototyper Example" */;
			compatibilityVersion = "Xcode 9.3";
			developmentRegion = en;
			hasScannedForEncodings = 0;
			knownRegions = (
				en,
				Base,
			);
			mainGroup = 6577E66224F423490055802C;
			productRefGroup = 6577E66C24F423490055802C /* Products */;
			projectDirPath = "";
			projectRoot = "";
			targets = (
				6577E66A24F423490055802C /* Prototyper Example */,
				F485D4842523518D006EBBA1 /* Prototyper ExampleUITests */,
			);
		};
/* End PBXProject section */

/* Begin PBXResourcesBuildPhase section */
		6577E66924F423490055802C /* Resources */ = {
			isa = PBXResourcesBuildPhase;
			buildActionMask = 2147483647;
			files = (
				6577E67624F423490055802C /* Preview Assets.xcassets in Resources */,
				6577E67324F423490055802C /* Assets.xcassets in Resources */,
			);
			runOnlyForDeploymentPostprocessing = 0;
		};
		F485D4832523518D006EBBA1 /* Resources */ = {
			isa = PBXResourcesBuildPhase;
			buildActionMask = 2147483647;
			files = (
			);
			runOnlyForDeploymentPostprocessing = 0;
		};
/* End PBXResourcesBuildPhase section */

/* Begin PBXSourcesBuildPhase section */
		6577E66724F423490055802C /* Sources */ = {
			isa = PBXSourcesBuildPhase;
			buildActionMask = 2147483647;
			files = (
				6577E67124F423490055802C /* ContentView.swift in Sources */,
				6577E66F24F423490055802C /* PrototyperExampleApp.swift in Sources */,
			);
			runOnlyForDeploymentPostprocessing = 0;
		};
		F485D4812523518D006EBBA1 /* Sources */ = {
			isa = PBXSourcesBuildPhase;
			buildActionMask = 2147483647;
			files = (
				F4D8C79B2523630100159487 /* PrototyperContinueWithoutLoginTest.swift in Sources */,
			);
			runOnlyForDeploymentPostprocessing = 0;
		};
/* End PBXSourcesBuildPhase section */

/* Begin PBXTargetDependency section */
		F485D48B2523518D006EBBA1 /* PBXTargetDependency */ = {
			isa = PBXTargetDependency;
			target = 6577E66A24F423490055802C /* Prototyper Example */;
			targetProxy = F485D48A2523518D006EBBA1 /* PBXContainerItemProxy */;
		};
/* End PBXTargetDependency section */

/* Begin XCBuildConfiguration section */
		6577E67824F423490055802C /* Debug */ = {
			isa = XCBuildConfiguration;
			buildSettings = {
				ALWAYS_SEARCH_USER_PATHS = NO;
				CLANG_ANALYZER_NONNULL = YES;
				CLANG_ANALYZER_NUMBER_OBJECT_CONVERSION = YES_AGGRESSIVE;
				CLANG_CXX_LANGUAGE_STANDARD = "gnu++14";
				CLANG_CXX_LIBRARY = "libc++";
				CLANG_ENABLE_MODULES = YES;
				CLANG_ENABLE_OBJC_ARC = YES;
				CLANG_ENABLE_OBJC_WEAK = YES;
				CLANG_WARN_BLOCK_CAPTURE_AUTORELEASING = YES;
				CLANG_WARN_BOOL_CONVERSION = YES;
				CLANG_WARN_COMMA = YES;
				CLANG_WARN_CONSTANT_CONVERSION = YES;
				CLANG_WARN_DEPRECATED_OBJC_IMPLEMENTATIONS = YES;
				CLANG_WARN_DIRECT_OBJC_ISA_USAGE = YES_ERROR;
				CLANG_WARN_DOCUMENTATION_COMMENTS = YES;
				CLANG_WARN_EMPTY_BODY = YES;
				CLANG_WARN_ENUM_CONVERSION = YES;
				CLANG_WARN_INFINITE_RECURSION = YES;
				CLANG_WARN_INT_CONVERSION = YES;
				CLANG_WARN_NON_LITERAL_NULL_CONVERSION = YES;
				CLANG_WARN_OBJC_IMPLICIT_RETAIN_SELF = YES;
				CLANG_WARN_OBJC_LITERAL_CONVERSION = YES;
				CLANG_WARN_OBJC_ROOT_CLASS = YES_ERROR;
				CLANG_WARN_QUOTED_INCLUDE_IN_FRAMEWORK_HEADER = YES;
				CLANG_WARN_RANGE_LOOP_ANALYSIS = YES;
				CLANG_WARN_STRICT_PROTOTYPES = YES;
				CLANG_WARN_SUSPICIOUS_MOVE = YES;
				CLANG_WARN_UNGUARDED_AVAILABILITY = YES_AGGRESSIVE;
				CLANG_WARN_UNREACHABLE_CODE = YES;
				CLANG_WARN__DUPLICATE_METHOD_MATCH = YES;
				COPY_PHASE_STRIP = NO;
				DEBUG_INFORMATION_FORMAT = dwarf;
				ENABLE_STRICT_OBJC_MSGSEND = YES;
				ENABLE_TESTABILITY = YES;
				GCC_C_LANGUAGE_STANDARD = gnu11;
				GCC_DYNAMIC_NO_PIC = NO;
				GCC_NO_COMMON_BLOCKS = YES;
				GCC_OPTIMIZATION_LEVEL = 0;
				GCC_PREPROCESSOR_DEFINITIONS = (
					"DEBUG=1",
					"$(inherited)",
				);
				GCC_WARN_64_TO_32_BIT_CONVERSION = YES;
				GCC_WARN_ABOUT_RETURN_TYPE = YES_ERROR;
				GCC_WARN_UNDECLARED_SELECTOR = YES;
				GCC_WARN_UNINITIALIZED_AUTOS = YES_AGGRESSIVE;
				GCC_WARN_UNUSED_FUNCTION = YES;
				GCC_WARN_UNUSED_VARIABLE = YES;
				IPHONEOS_DEPLOYMENT_TARGET = 14.0;
				MTL_ENABLE_DEBUG_INFO = INCLUDE_SOURCE;
				MTL_FAST_MATH = YES;
				NEW_SETTING = "";
				ONLY_ACTIVE_ARCH = YES;
				SDKROOT = iphoneos;
				SWIFT_ACTIVE_COMPILATION_CONDITIONS = DEBUG;
				SWIFT_OPTIMIZATION_LEVEL = "-Onone";
			};
			name = Debug;
		};
		6577E67924F423490055802C /* Release */ = {
			isa = XCBuildConfiguration;
			buildSettings = {
				ALWAYS_SEARCH_USER_PATHS = NO;
				CLANG_ANALYZER_NONNULL = YES;
				CLANG_ANALYZER_NUMBER_OBJECT_CONVERSION = YES_AGGRESSIVE;
				CLANG_CXX_LANGUAGE_STANDARD = "gnu++14";
				CLANG_CXX_LIBRARY = "libc++";
				CLANG_ENABLE_MODULES = YES;
				CLANG_ENABLE_OBJC_ARC = YES;
				CLANG_ENABLE_OBJC_WEAK = YES;
				CLANG_WARN_BLOCK_CAPTURE_AUTORELEASING = YES;
				CLANG_WARN_BOOL_CONVERSION = YES;
				CLANG_WARN_COMMA = YES;
				CLANG_WARN_CONSTANT_CONVERSION = YES;
				CLANG_WARN_DEPRECATED_OBJC_IMPLEMENTATIONS = YES;
				CLANG_WARN_DIRECT_OBJC_ISA_USAGE = YES_ERROR;
				CLANG_WARN_DOCUMENTATION_COMMENTS = YES;
				CLANG_WARN_EMPTY_BODY = YES;
				CLANG_WARN_ENUM_CONVERSION = YES;
				CLANG_WARN_INFINITE_RECURSION = YES;
				CLANG_WARN_INT_CONVERSION = YES;
				CLANG_WARN_NON_LITERAL_NULL_CONVERSION = YES;
				CLANG_WARN_OBJC_IMPLICIT_RETAIN_SELF = YES;
				CLANG_WARN_OBJC_LITERAL_CONVERSION = YES;
				CLANG_WARN_OBJC_ROOT_CLASS = YES_ERROR;
				CLANG_WARN_QUOTED_INCLUDE_IN_FRAMEWORK_HEADER = YES;
				CLANG_WARN_RANGE_LOOP_ANALYSIS = YES;
				CLANG_WARN_STRICT_PROTOTYPES = YES;
				CLANG_WARN_SUSPICIOUS_MOVE = YES;
				CLANG_WARN_UNGUARDED_AVAILABILITY = YES_AGGRESSIVE;
				CLANG_WARN_UNREACHABLE_CODE = YES;
				CLANG_WARN__DUPLICATE_METHOD_MATCH = YES;
				COPY_PHASE_STRIP = NO;
				DEBUG_INFORMATION_FORMAT = "dwarf-with-dsym";
				ENABLE_NS_ASSERTIONS = NO;
				ENABLE_STRICT_OBJC_MSGSEND = YES;
				GCC_C_LANGUAGE_STANDARD = gnu11;
				GCC_NO_COMMON_BLOCKS = YES;
				GCC_WARN_64_TO_32_BIT_CONVERSION = YES;
				GCC_WARN_ABOUT_RETURN_TYPE = YES_ERROR;
				GCC_WARN_UNDECLARED_SELECTOR = YES;
				GCC_WARN_UNINITIALIZED_AUTOS = YES_AGGRESSIVE;
				GCC_WARN_UNUSED_FUNCTION = YES;
				GCC_WARN_UNUSED_VARIABLE = YES;
				IPHONEOS_DEPLOYMENT_TARGET = 14.0;
				MTL_ENABLE_DEBUG_INFO = NO;
				MTL_FAST_MATH = YES;
				NEW_SETTING = "";
				SDKROOT = iphoneos;
				SWIFT_COMPILATION_MODE = wholemodule;
				SWIFT_OPTIMIZATION_LEVEL = "-O";
				VALIDATE_PRODUCT = YES;
			};
			name = Release;
		};
		6577E67B24F423490055802C /* Debug */ = {
			isa = XCBuildConfiguration;
			buildSettings = {
				ASSETCATALOG_COMPILER_APPICON_NAME = AppIcon;
				ASSETCATALOG_COMPILER_GLOBAL_ACCENT_COLOR_NAME = AccentColor;
				CODE_SIGN_STYLE = Automatic;
				DEVELOPMENT_ASSET_PATHS = "\"Prototyper Example/Preview Content\"";
				DEVELOPMENT_TEAM = 7PLLZ436SG;
				ENABLE_PREVIEWS = YES;
				INFOPLIST_FILE = "Prototyper Example/Info.plist";
				IPHONEOS_DEPLOYMENT_TARGET = 14.0;
				LD_RUNPATH_SEARCH_PATHS = (
					"$(inherited)",
					"@executable_path/Frameworks",
				);
				PRODUCT_BUNDLE_IDENTIFIER = de.tum.in.ase.prototyper;
				PRODUCT_NAME = "$(TARGET_NAME)";
				SWIFT_VERSION = 5.0;
				TARGETED_DEVICE_FAMILY = "1,2";
			};
			name = Debug;
		};
		6577E67C24F423490055802C /* Release */ = {
			isa = XCBuildConfiguration;
			buildSettings = {
				ASSETCATALOG_COMPILER_APPICON_NAME = AppIcon;
				ASSETCATALOG_COMPILER_GLOBAL_ACCENT_COLOR_NAME = AccentColor;
				CODE_SIGN_STYLE = Manual;
				DEVELOPMENT_ASSET_PATHS = "\"Prototyper Example/Preview Content\"";
				DEVELOPMENT_TEAM = WCM2L8RG39;
				ENABLE_PREVIEWS = YES;
				INFOPLIST_FILE = "Prototyper Example/Info.plist";
				IPHONEOS_DEPLOYMENT_TARGET = 14.0;
				LD_RUNPATH_SEARCH_PATHS = (
					"$(inherited)",
					"@executable_path/Frameworks",
				);
				PRODUCT_BUNDLE_IDENTIFIER = de.tum.in.ase.prototyper;
				PRODUCT_NAME = "$(TARGET_NAME)";
				PROVISIONING_PROFILE_SPECIFIER = $SIGH_NAME;
				SWIFT_VERSION = 5.0;
				TARGETED_DEVICE_FAMILY = "1,2";
			};
			name = Release;
		};
		F485D48C2523518D006EBBA1 /* Debug */ = {
			isa = XCBuildConfiguration;
			buildSettings = {
				"CODE_SIGN_IDENTITY[sdk=macosx*]" = "Apple Development";
				CODE_SIGN_STYLE = Automatic;
				DEVELOPMENT_TEAM = 7PLLZ436SG;
				INFOPLIST_FILE = "PrototyperExample UITests/Info.plist";
				LD_RUNPATH_SEARCH_PATHS = (
					"$(inherited)",
					"@executable_path/Frameworks",
					"@loader_path/Frameworks",
				);
				PRODUCT_BUNDLE_IDENTIFIER = "Test.Prototyper-ExampleUITests";
				PRODUCT_NAME = "$(TARGET_NAME)";
				SUPPORTS_MACCATALYST = NO;
				SUPPORTS_MAC_DESIGNED_FOR_IPHONE_IPAD = YES;
				SWIFT_VERSION = 5.0;
				TARGETED_DEVICE_FAMILY = "1,2";
				TEST_TARGET_NAME = "Prototyper Example";
			};
			name = Debug;
		};
		F485D48D2523518D006EBBA1 /* Release */ = {
			isa = XCBuildConfiguration;
			buildSettings = {
				"CODE_SIGN_IDENTITY[sdk=macosx*]" = "Apple Development";
				CODE_SIGN_STYLE = Automatic;
				DEVELOPMENT_TEAM = 7PLLZ436SG;
				INFOPLIST_FILE = "PrototyperExample UITests/Info.plist";
				LD_RUNPATH_SEARCH_PATHS = (
					"$(inherited)",
					"@executable_path/Frameworks",
					"@loader_path/Frameworks",
				);
				PRODUCT_BUNDLE_IDENTIFIER = "Test.Prototyper-ExampleUITests";
				PRODUCT_NAME = "$(TARGET_NAME)";
				SUPPORTS_MACCATALYST = NO;
				SUPPORTS_MAC_DESIGNED_FOR_IPHONE_IPAD = YES;
				SWIFT_VERSION = 5.0;
				TARGETED_DEVICE_FAMILY = "1,2";
				TEST_TARGET_NAME = "Prototyper Example";
			};
			name = Release;
		};
/* End XCBuildConfiguration section */

/* Begin XCConfigurationList section */
		6577E66624F423490055802C /* Build configuration list for PBXProject "Prototyper Example" */ = {
			isa = XCConfigurationList;
			buildConfigurations = (
				6577E67824F423490055802C /* Debug */,
				6577E67924F423490055802C /* Release */,
			);
			defaultConfigurationIsVisible = 0;
			defaultConfigurationName = Release;
		};
		6577E67A24F423490055802C /* Build configuration list for PBXNativeTarget "Prototyper Example" */ = {
			isa = XCConfigurationList;
			buildConfigurations = (
				6577E67B24F423490055802C /* Debug */,
				6577E67C24F423490055802C /* Release */,
			);
			defaultConfigurationIsVisible = 0;
			defaultConfigurationName = Release;
		};
		F485D48E2523518D006EBBA1 /* Build configuration list for PBXNativeTarget "Prototyper ExampleUITests" */ = {
			isa = XCConfigurationList;
			buildConfigurations = (
				F485D48C2523518D006EBBA1 /* Debug */,
				F485D48D2523518D006EBBA1 /* Release */,
			);
			defaultConfigurationIsVisible = 0;
			defaultConfigurationName = Release;
		};
/* End XCConfigurationList section */

/* Begin XCSwiftPackageProductDependency section */
		6577E67F24F4237A0055802C /* Prototyper */ = {
			isa = XCSwiftPackageProductDependency;
			productName = Prototyper;
		};
/* End XCSwiftPackageProductDependency section */
	};
	rootObject = 6577E66324F423490055802C /* Project object */;
}
