// !$*UTF8*$!
{
	archiveVersion = 1;
	classes = {
	};
	objectVersion = 52;
	objects = {

/* Begin PBXBuildFile section */
		4DEB659523E1E783008702DC /* Prototyper in Frameworks */ = {isa = PBXBuildFile; productRef = 4DEB659423E1E783008702DC /* Prototyper */; };
		654F66442367BB090092B915 /* Prototype.prototype in Resources */ = {isa = PBXBuildFile; fileRef = 654F66432367BB080092B915 /* Prototype.prototype */; };
		659E838E2367B508004DF6E3 /* AppDelegate.swift in Sources */ = {isa = PBXBuildFile; fileRef = 659E838D2367B508004DF6E3 /* AppDelegate.swift */; };
		659E83902367B508004DF6E3 /* SceneDelegate.swift in Sources */ = {isa = PBXBuildFile; fileRef = 659E838F2367B508004DF6E3 /* SceneDelegate.swift */; };
		659E83922367B508004DF6E3 /* ContentView.swift in Sources */ = {isa = PBXBuildFile; fileRef = 659E83912367B508004DF6E3 /* ContentView.swift */; };
		659E83942367B50F004DF6E3 /* Assets.xcassets in Resources */ = {isa = PBXBuildFile; fileRef = 659E83932367B50F004DF6E3 /* Assets.xcassets */; };
		659E83972367B50F004DF6E3 /* Preview Assets.xcassets in Resources */ = {isa = PBXBuildFile; fileRef = 659E83962367B50F004DF6E3 /* Preview Assets.xcassets */; };
		659E839A2367B50F004DF6E3 /* LaunchScreen.storyboard in Resources */ = {isa = PBXBuildFile; fileRef = 659E83982367B50F004DF6E3 /* LaunchScreen.storyboard */; };
/* End PBXBuildFile section */

/* Begin PBXFileReference section */
		654F66432367BB080092B915 /* Prototype.prototype */ = {isa = PBXFileReference; lastKnownFileType = folder; path = Prototype.prototype; sourceTree = "<group>"; };
		659E838A2367B508004DF6E3 /* Prototyper Example.app */ = {isa = PBXFileReference; explicitFileType = wrapper.application; includeInIndex = 0; path = "Prototyper Example.app"; sourceTree = BUILT_PRODUCTS_DIR; };
		659E838D2367B508004DF6E3 /* AppDelegate.swift */ = {isa = PBXFileReference; lastKnownFileType = sourcecode.swift; path = AppDelegate.swift; sourceTree = "<group>"; };
		659E838F2367B508004DF6E3 /* SceneDelegate.swift */ = {isa = PBXFileReference; lastKnownFileType = sourcecode.swift; path = SceneDelegate.swift; sourceTree = "<group>"; };
		659E83912367B508004DF6E3 /* ContentView.swift */ = {isa = PBXFileReference; lastKnownFileType = sourcecode.swift; path = ContentView.swift; sourceTree = "<group>"; };
		659E83932367B50F004DF6E3 /* Assets.xcassets */ = {isa = PBXFileReference; lastKnownFileType = folder.assetcatalog; path = Assets.xcassets; sourceTree = "<group>"; };
		659E83962367B50F004DF6E3 /* Preview Assets.xcassets */ = {isa = PBXFileReference; lastKnownFileType = folder.assetcatalog; path = "Preview Assets.xcassets"; sourceTree = "<group>"; };
		659E83992367B50F004DF6E3 /* Base */ = {isa = PBXFileReference; lastKnownFileType = file.storyboard; name = Base; path = Base.lproj/LaunchScreen.storyboard; sourceTree = "<group>"; };
		659E839B2367B50F004DF6E3 /* Info.plist */ = {isa = PBXFileReference; lastKnownFileType = text.plist.xml; path = Info.plist; sourceTree = "<group>"; };
/* End PBXFileReference section */

/* Begin PBXFrameworksBuildPhase section */
		659E83872367B508004DF6E3 /* Frameworks */ = {
			isa = PBXFrameworksBuildPhase;
			buildActionMask = 2147483647;
			files = (
				4DEB659523E1E783008702DC /* Prototyper in Frameworks */,
			);
			runOnlyForDeploymentPostprocessing = 0;
		};
/* End PBXFrameworksBuildPhase section */

/* Begin PBXGroup section */
		659E83812367B508004DF6E3 = {
			isa = PBXGroup;
			children = (
				659E838C2367B508004DF6E3 /* PrototyperExample */,
				659E838B2367B508004DF6E3 /* Products */,
				6B2FF5FA394598E618A296FD /* Pods */,
			);
			sourceTree = "<group>";
		};
		659E838B2367B508004DF6E3 /* Products */ = {
			isa = PBXGroup;
			children = (
				659E838A2367B508004DF6E3 /* Prototyper Example.app */,
			);
			name = Products;
			sourceTree = "<group>";
		};
		659E838C2367B508004DF6E3 /* PrototyperExample */ = {
			isa = PBXGroup;
			children = (
				659E838D2367B508004DF6E3 /* AppDelegate.swift */,
				659E838F2367B508004DF6E3 /* SceneDelegate.swift */,
				659E83912367B508004DF6E3 /* ContentView.swift */,
				654F66432367BB080092B915 /* Prototype.prototype */,
				659E83932367B50F004DF6E3 /* Assets.xcassets */,
				659E83982367B50F004DF6E3 /* LaunchScreen.storyboard */,
				659E839B2367B50F004DF6E3 /* Info.plist */,
				659E83952367B50F004DF6E3 /* Preview Content */,
			);
			path = PrototyperExample;
			sourceTree = "<group>";
		};
		659E83952367B50F004DF6E3 /* Preview Content */ = {
			isa = PBXGroup;
			children = (
				659E83962367B50F004DF6E3 /* Preview Assets.xcassets */,
			);
			path = "Preview Content";
			sourceTree = "<group>";
		};
		6B2FF5FA394598E618A296FD /* Pods */ = {
			isa = PBXGroup;
			children = (
			);
			path = Pods;
			sourceTree = "<group>";
		};
/* End PBXGroup section */

/* Begin PBXNativeTarget section */
		659E83892367B508004DF6E3 /* PrototyperExample */ = {
			isa = PBXNativeTarget;
			buildConfigurationList = 659E839E2367B50F004DF6E3 /* Build configuration list for PBXNativeTarget "PrototyperExample" */;
			buildPhases = (
				659E83862367B508004DF6E3 /* Sources */,
				659E83872367B508004DF6E3 /* Frameworks */,
				659E83882367B508004DF6E3 /* Resources */,
			);
			buildRules = (
			);
			dependencies = (
			);
			name = PrototyperExample;
			packageProductDependencies = (
				4DEB659423E1E783008702DC /* Prototyper */,
			);
			productName = "Prototyper Example";
			productReference = 659E838A2367B508004DF6E3 /* Prototyper Example.app */;
			productType = "com.apple.product-type.application";
		};
/* End PBXNativeTarget section */

/* Begin PBXProject section */
		659E83822367B508004DF6E3 /* Project object */ = {
			isa = PBXProject;
			attributes = {
				LastSwiftUpdateCheck = 1110;
				LastUpgradeCheck = 1110;
				ORGANIZATIONNAME = "Paul Schmiedmayer";
				TargetAttributes = {
					659E83892367B508004DF6E3 = {
						CreatedOnToolsVersion = 11.1;
					};
				};
			};
			buildConfigurationList = 659E83852367B508004DF6E3 /* Build configuration list for PBXProject "PrototyperExample" */;
			compatibilityVersion = "Xcode 9.3";
			developmentRegion = en;
			hasScannedForEncodings = 0;
			knownRegions = (
				en,
				Base,
			);
			mainGroup = 659E83812367B508004DF6E3;
			packageReferences = (
				4DEB659323E1E783008702DC /* XCRemoteSwiftPackageReference "Prototyper" */,
			);
			productRefGroup = 659E838B2367B508004DF6E3 /* Products */;
			projectDirPath = "";
			projectRoot = "";
			targets = (
				659E83892367B508004DF6E3 /* PrototyperExample */,
			);
		};
/* End PBXProject section */

/* Begin PBXResourcesBuildPhase section */
		659E83882367B508004DF6E3 /* Resources */ = {
			isa = PBXResourcesBuildPhase;
			buildActionMask = 2147483647;
			files = (
				659E839A2367B50F004DF6E3 /* LaunchScreen.storyboard in Resources */,
				654F66442367BB090092B915 /* Prototype.prototype in Resources */,
				659E83972367B50F004DF6E3 /* Preview Assets.xcassets in Resources */,
				659E83942367B50F004DF6E3 /* Assets.xcassets in Resources */,
			);
			runOnlyForDeploymentPostprocessing = 0;
		};
/* End PBXResourcesBuildPhase section */

/* Begin PBXSourcesBuildPhase section */
		659E83862367B508004DF6E3 /* Sources */ = {
			isa = PBXSourcesBuildPhase;
			buildActionMask = 2147483647;
			files = (
				659E838E2367B508004DF6E3 /* AppDelegate.swift in Sources */,
				659E83902367B508004DF6E3 /* SceneDelegate.swift in Sources */,
				659E83922367B508004DF6E3 /* ContentView.swift in Sources */,
			);
			runOnlyForDeploymentPostprocessing = 0;
		};
/* End PBXSourcesBuildPhase section */

/* Begin PBXVariantGroup section */
		659E83982367B50F004DF6E3 /* LaunchScreen.storyboard */ = {
			isa = PBXVariantGroup;
			children = (
				659E83992367B50F004DF6E3 /* Base */,
			);
			name = LaunchScreen.storyboard;
			sourceTree = "<group>";
		};
/* End PBXVariantGroup section */

/* Begin XCBuildConfiguration section */
		659E839C2367B50F004DF6E3 /* Debug */ = {
			isa = XCBuildConfiguration;
			buildSettings = {
				ALWAYS_SEARCH_USER_PATHS = NO;
				CLANG_ANALYZER_NONNULL = YES;
				CLANG_ANALYZER_NUMBER_OBJECT_CONVERSION = YES_AGGRESSIVE;
				CLANG_CXX_LANGUAGE_STANDARD = "gnu++14";
				CLANG_CXX_LIBRARY = "libc++";
				CLANG_ENABLE_MODULES = YES;
				CLANG_ENABLE_OBJC_ARC = YES;
				CLANG_ENABLE_OBJC_WEAK = YES;
				CLANG_WARN_BLOCK_CAPTURE_AUTORELEASING = YES;
				CLANG_WARN_BOOL_CONVERSION = YES;
				CLANG_WARN_COMMA = YES;
				CLANG_WARN_CONSTANT_CONVERSION = YES;
				CLANG_WARN_DEPRECATED_OBJC_IMPLEMENTATIONS = YES;
				CLANG_WARN_DIRECT_OBJC_ISA_USAGE = YES_ERROR;
				CLANG_WARN_DOCUMENTATION_COMMENTS = YES;
				CLANG_WARN_EMPTY_BODY = YES;
				CLANG_WARN_ENUM_CONVERSION = YES;
				CLANG_WARN_INFINITE_RECURSION = YES;
				CLANG_WARN_INT_CONVERSION = YES;
				CLANG_WARN_NON_LITERAL_NULL_CONVERSION = YES;
				CLANG_WARN_OBJC_IMPLICIT_RETAIN_SELF = YES;
				CLANG_WARN_OBJC_LITERAL_CONVERSION = YES;
				CLANG_WARN_OBJC_ROOT_CLASS = YES_ERROR;
				CLANG_WARN_RANGE_LOOP_ANALYSIS = YES;
				CLANG_WARN_STRICT_PROTOTYPES = YES;
				CLANG_WARN_SUSPICIOUS_MOVE = YES;
				CLANG_WARN_UNGUARDED_AVAILABILITY = YES_AGGRESSIVE;
				CLANG_WARN_UNREACHABLE_CODE = YES;
				CLANG_WARN__DUPLICATE_METHOD_MATCH = YES;
				COPY_PHASE_STRIP = NO;
				DEBUG_INFORMATION_FORMAT = dwarf;
				ENABLE_STRICT_OBJC_MSGSEND = YES;
				ENABLE_TESTABILITY = YES;
				GCC_C_LANGUAGE_STANDARD = gnu11;
				GCC_DYNAMIC_NO_PIC = NO;
				GCC_NO_COMMON_BLOCKS = YES;
				GCC_OPTIMIZATION_LEVEL = 0;
				GCC_PREPROCESSOR_DEFINITIONS = (
					"DEBUG=1",
					"$(inherited)",
				);
				GCC_WARN_64_TO_32_BIT_CONVERSION = YES;
				GCC_WARN_ABOUT_RETURN_TYPE = YES_ERROR;
				GCC_WARN_UNDECLARED_SELECTOR = YES;
				GCC_WARN_UNINITIALIZED_AUTOS = YES_AGGRESSIVE;
				GCC_WARN_UNUSED_FUNCTION = YES;
				GCC_WARN_UNUSED_VARIABLE = YES;
				IPHONEOS_DEPLOYMENT_TARGET = 13.1;
				MTL_ENABLE_DEBUG_INFO = INCLUDE_SOURCE;
				MTL_FAST_MATH = YES;
				ONLY_ACTIVE_ARCH = YES;
				SDKROOT = iphoneos;
				SWIFT_ACTIVE_COMPILATION_CONDITIONS = DEBUG;
				SWIFT_OPTIMIZATION_LEVEL = "-Onone";
			};
			name = Debug;
		};
		659E839D2367B50F004DF6E3 /* Release */ = {
			isa = XCBuildConfiguration;
			buildSettings = {
				ALWAYS_SEARCH_USER_PATHS = NO;
				CLANG_ANALYZER_NONNULL = YES;
				CLANG_ANALYZER_NUMBER_OBJECT_CONVERSION = YES_AGGRESSIVE;
				CLANG_CXX_LANGUAGE_STANDARD = "gnu++14";
				CLANG_CXX_LIBRARY = "libc++";
				CLANG_ENABLE_MODULES = YES;
				CLANG_ENABLE_OBJC_ARC = YES;
				CLANG_ENABLE_OBJC_WEAK = YES;
				CLANG_WARN_BLOCK_CAPTURE_AUTORELEASING = YES;
				CLANG_WARN_BOOL_CONVERSION = YES;
				CLANG_WARN_COMMA = YES;
				CLANG_WARN_CONSTANT_CONVERSION = YES;
				CLANG_WARN_DEPRECATED_OBJC_IMPLEMENTATIONS = YES;
				CLANG_WARN_DIRECT_OBJC_ISA_USAGE = YES_ERROR;
				CLANG_WARN_DOCUMENTATION_COMMENTS = YES;
				CLANG_WARN_EMPTY_BODY = YES;
				CLANG_WARN_ENUM_CONVERSION = YES;
				CLANG_WARN_INFINITE_RECURSION = YES;
				CLANG_WARN_INT_CONVERSION = YES;
				CLANG_WARN_NON_LITERAL_NULL_CONVERSION = YES;
				CLANG_WARN_OBJC_IMPLICIT_RETAIN_SELF = YES;
				CLANG_WARN_OBJC_LITERAL_CONVERSION = YES;
				CLANG_WARN_OBJC_ROOT_CLASS = YES_ERROR;
				CLANG_WARN_RANGE_LOOP_ANALYSIS = YES;
				CLANG_WARN_STRICT_PROTOTYPES = YES;
				CLANG_WARN_SUSPICIOUS_MOVE = YES;
				CLANG_WARN_UNGUARDED_AVAILABILITY = YES_AGGRESSIVE;
				CLANG_WARN_UNREACHABLE_CODE = YES;
				CLANG_WARN__DUPLICATE_METHOD_MATCH = YES;
				COPY_PHASE_STRIP = NO;
				DEBUG_INFORMATION_FORMAT = "dwarf-with-dsym";
				ENABLE_NS_ASSERTIONS = NO;
				ENABLE_STRICT_OBJC_MSGSEND = YES;
				GCC_C_LANGUAGE_STANDARD = gnu11;
				GCC_NO_COMMON_BLOCKS = YES;
				GCC_WARN_64_TO_32_BIT_CONVERSION = YES;
				GCC_WARN_ABOUT_RETURN_TYPE = YES_ERROR;
				GCC_WARN_UNDECLARED_SELECTOR = YES;
				GCC_WARN_UNINITIALIZED_AUTOS = YES_AGGRESSIVE;
				GCC_WARN_UNUSED_FUNCTION = YES;
				GCC_WARN_UNUSED_VARIABLE = YES;
				IPHONEOS_DEPLOYMENT_TARGET = 13.1;
				MTL_ENABLE_DEBUG_INFO = NO;
				MTL_FAST_MATH = YES;
				SDKROOT = iphoneos;
				SWIFT_COMPILATION_MODE = wholemodule;
				SWIFT_OPTIMIZATION_LEVEL = "-O";
				VALIDATE_PRODUCT = YES;
			};
			name = Release;
		};
		659E839F2367B50F004DF6E3 /* Debug */ = {
			isa = XCBuildConfiguration;
			buildSettings = {
				ASSETCATALOG_COMPILER_APPICON_NAME = AppIcon;
				CODE_SIGN_STYLE = Automatic;
				DEVELOPMENT_ASSET_PATHS = "\"PrototyperExample/Preview Content\"";
				DEVELOPMENT_TEAM = WCM2L8RG39;
				ENABLE_PREVIEWS = YES;
				INFOPLIST_FILE = PrototyperExample/Info.plist;
				IPHONEOS_DEPLOYMENT_TARGET = 13.0;
				LD_RUNPATH_SEARCH_PATHS = (
					"$(inherited)",
					"@executable_path/Frameworks",
				);
				PRODUCT_BUNDLE_IDENTIFIER = de.tum.in.ase.prototyper;
				PRODUCT_NAME = "Prototyper Example";
				SWIFT_VERSION = 5.0;
				TARGETED_DEVICE_FAMILY = "1,2";
			};
			name = Debug;
		};
		659E83A02367B50F004DF6E3 /* Release */ = {
			isa = XCBuildConfiguration;
			buildSettings = {
				ASSETCATALOG_COMPILER_APPICON_NAME = AppIcon;
				CODE_SIGN_STYLE = Manual;
				DEVELOPMENT_ASSET_PATHS = "\"PrototyperExample/Preview Content\"";
				DEVELOPMENT_TEAM = WCM2L8RG39;
				ENABLE_PREVIEWS = YES;
				INFOPLIST_FILE = PrototyperExample/Info.plist;
				IPHONEOS_DEPLOYMENT_TARGET = 13.0;
				LD_RUNPATH_SEARCH_PATHS = (
					"$(inherited)",
					"@executable_path/Frameworks",
				);
				PRODUCT_BUNDLE_IDENTIFIER = de.tum.in.ase.prototyper;
				PRODUCT_NAME = "Prototyper Example";
				PROVISIONING_PROFILE_SPECIFIER = $SIGH_NAME;
				SWIFT_VERSION = 5.0;
				TARGETED_DEVICE_FAMILY = "1,2";
			};
			name = Release;
		};
/* End XCBuildConfiguration section */

/* Begin XCConfigurationList section */
		659E83852367B508004DF6E3 /* Build configuration list for PBXProject "PrototyperExample" */ = {
			isa = XCConfigurationList;
			buildConfigurations = (
				659E839C2367B50F004DF6E3 /* Debug */,
				659E839D2367B50F004DF6E3 /* Release */,
			);
			defaultConfigurationIsVisible = 0;
			defaultConfigurationName = Release;
		};
		659E839E2367B50F004DF6E3 /* Build configuration list for PBXNativeTarget "PrototyperExample" */ = {
			isa = XCConfigurationList;
			buildConfigurations = (
				659E839F2367B50F004DF6E3 /* Debug */,
				659E83A02367B50F004DF6E3 /* Release */,
			);
			defaultConfigurationIsVisible = 0;
			defaultConfigurationName = Release;
		};
/* End XCConfigurationList section */

/* Begin XCRemoteSwiftPackageReference section */
		4DEB659323E1E783008702DC /* XCRemoteSwiftPackageReference "Prototyper" */ = {
			isa = XCRemoteSwiftPackageReference;
			repositoryURL = "https://github.com/ls1intum/Prototyper.git";
			requirement = {
				branch = "SPM-implementation";
				kind = branch;
			};
		};
/* End XCRemoteSwiftPackageReference section */

/* Begin XCSwiftPackageProductDependency section */
		4DEB659423E1E783008702DC /* Prototyper */ = {
			isa = XCSwiftPackageProductDependency;
			package = 4DEB659323E1E783008702DC /* XCRemoteSwiftPackageReference "Prototyper" */;
			productName = Prototyper;
		};
/* End XCSwiftPackageProductDependency section */
	};
	rootObject = 659E83822367B508004DF6E3 /* Project object */;
}
